
Microsoft Visual Studio Solution File, Format Version 12.00
# Visual Studio 14
VisualStudioVersion = 14.0.24720.0
MinimumVisualStudioVersion = 10.0.40219.1
Project("{2150E333-8FDC-42A3-9474-1A3956D46DE8}") = "src", "src", "{E4902446-F6DE-49F1-B991-869991BBC5C2}"
EndProject
Project("{2150E333-8FDC-42A3-9474-1A3956D46DE8}") = "Solution Items", "Solution Items", "{F7396AF1-2B32-423B-AF17-05C336E41854}"
	ProjectSection(SolutionItems) = preProject
		global.json = global.json
	EndProjectSection
EndProject
Project("{8BB2217D-0F2D-49D1-97BC-3654ED321F3B}") = "MegaMine.Web", "src\MegaMine.Web\MegaMine.Web.xproj", "{EB6527A0-AEC0-45C4-8CC7-23D01FD59A70}"
EndProject
Project("{00D1A9C2-B5F0-4AF3-8072-F6C62B433612}") = "MegaMineDB", "src\MegaMineDB\MegaMineDB.sqlproj", "{607CCF04-5221-43A7-8248-12491918F41B}"
EndProject
Global
	GlobalSection(SolutionConfigurationPlatforms) = preSolution
		Debug|Any CPU = Debug|Any CPU
		Release|Any CPU = Release|Any CPU
	EndGlobalSection
	GlobalSection(ProjectConfigurationPlatforms) = postSolution
		{EB6527A0-AEC0-45C4-8CC7-23D01FD59A70}.Debug|Any CPU.ActiveCfg = Debug|Any CPU
		{EB6527A0-AEC0-45C4-8CC7-23D01FD59A70}.Debug|Any CPU.Build.0 = Debug|Any CPU
		{EB6527A0-AEC0-45C4-8CC7-23D01FD59A70}.Release|Any CPU.ActiveCfg = Release|Any CPU
		{EB6527A0-AEC0-45C4-8CC7-23D01FD59A70}.Release|Any CPU.Build.0 = Release|Any CPU
		{607CCF04-5221-43A7-8248-12491918F41B}.Debug|Any CPU.ActiveCfg = Debug|Any CPU
		{607CCF04-5221-43A7-8248-12491918F41B}.Release|Any CPU.ActiveCfg = Release|Any CPU
	EndGlobalSection
	GlobalSection(SolutionProperties) = preSolution
		HideSolutionNode = FALSE
	EndGlobalSection
	GlobalSection(NestedProjects) = preSolution
		{EB6527A0-AEC0-45C4-8CC7-23D01FD59A70} = {E4902446-F6DE-49F1-B991-869991BBC5C2}
		{607CCF04-5221-43A7-8248-12491918F41B} = {E4902446-F6DE-49F1-B991-869991BBC5C2}
	EndGlobalSection
EndGlobal
